// !$*UTF8*$!
{
	archiveVersion = 1;
	classes = {
	};
	objectVersion = 55;
	objects = {

/* Begin PBXBuildFile section */
		15198C71EC818163BDFF755D /* Pods_Navigation.framework in Frameworks */ = {isa = PBXBuildFile; fileRef = F38AF1CD0D768E8F49E266AE /* Pods_Navigation.framework */; };
		1D0D3FC328490ABE00F25F64 /* PostTableViewCell.swift in Sources */ = {isa = PBXBuildFile; fileRef = 1D0D3FC228490ABE00F25F64 /* PostTableViewCell.swift */; };
		1D1E2BEA28A3D66B00985864 /* Coordinator.swift in Sources */ = {isa = PBXBuildFile; fileRef = 1D1E2BE928A3D66B00985864 /* Coordinator.swift */; };
		1D1E2BEC28A3D67C00985864 /* MainCoordinator.swift in Sources */ = {isa = PBXBuildFile; fileRef = 1D1E2BEB28A3D67C00985864 /* MainCoordinator.swift */; };
		1D1E2BEE28A3D6CC00985864 /* ProfileCoordinator.swift in Sources */ = {isa = PBXBuildFile; fileRef = 1D1E2BED28A3D6CC00985864 /* ProfileCoordinator.swift */; };
		1D1E2BF028A3D6DB00985864 /* FeedCoordinator.swift in Sources */ = {isa = PBXBuildFile; fileRef = 1D1E2BEF28A3D6DB00985864 /* FeedCoordinator.swift */; };
		1D1E2BF228A3D6F500985864 /* PhotosCoordinator.swift in Sources */ = {isa = PBXBuildFile; fileRef = 1D1E2BF128A3D6F500985864 /* PhotosCoordinator.swift */; };
		1D1E2BF428A3D71400985864 /* PostCoordinator.swift in Sources */ = {isa = PBXBuildFile; fileRef = 1D1E2BF328A3D71400985864 /* PostCoordinator.swift */; };
		1D1E2BF628A3D72400985864 /* LoginCoordinator.swift in Sources */ = {isa = PBXBuildFile; fileRef = 1D1E2BF528A3D72400985864 /* LoginCoordinator.swift */; };
		1D1E2C0128A4008700985864 /* TabBarFactory.swift in Sources */ = {isa = PBXBuildFile; fileRef = 1D1E2C0028A4008700985864 /* TabBarFactory.swift */; };
		1D360F522896D56000126F99 /* CustomButton.swift in Sources */ = {isa = PBXBuildFile; fileRef = 1D360F512896D56000126F99 /* CustomButton.swift */; };
		1D360F552896E7FF00126F99 /* FeedModel.swift in Sources */ = {isa = PBXBuildFile; fileRef = 1D360F542896E7FF00126F99 /* FeedModel.swift */; };
		1D37EA6E285CD5530087175B /* PhotosViewController.swift in Sources */ = {isa = PBXBuildFile; fileRef = 1D37EA6D285CD5530087175B /* PhotosViewController.swift */; };
		1D37EA70285CD63E0087175B /* PhotosCollectionViewCell.swift in Sources */ = {isa = PBXBuildFile; fileRef = 1D37EA6F285CD63E0087175B /* PhotosCollectionViewCell.swift */; };
		1D37EA74285D16DA0087175B /* Photo.swift in Sources */ = {isa = PBXBuildFile; fileRef = 1D37EA73285D16DA0087175B /* Photo.swift */; };
		1D3CA292287211B60027C0F0 /* iOSIntPackage in Frameworks */ = {isa = PBXBuildFile; productRef = 1D3CA291287211B60027C0F0 /* iOSIntPackage */; };
		1D60C97E28A9181000EAA684 /* MainTabbarViewController.swift in Sources */ = {isa = PBXBuildFile; fileRef = 1D60C97D28A9181000EAA684 /* MainTabbarViewController.swift */; };
		1D60C98028A91BFA00EAA684 /* ViewControllerFactory.swift in Sources */ = {isa = PBXBuildFile; fileRef = 1D60C97F28A91BFA00EAA684 /* ViewControllerFactory.swift */; };
		1D60C98228A92C8700EAA684 /* PhotosModel.swift in Sources */ = {isa = PBXBuildFile; fileRef = 1D60C98128A92C8700EAA684 /* PhotosModel.swift */; };
		1D60C98428A92C9300EAA684 /* ProfileModel.swift in Sources */ = {isa = PBXBuildFile; fileRef = 1D60C98328A92C9300EAA684 /* ProfileModel.swift */; };
		1D60C98628A92D2000EAA684 /* PostModel.swift in Sources */ = {isa = PBXBuildFile; fileRef = 1D60C98528A92D2000EAA684 /* PostModel.swift */; };
		1D60C98828A92D2B00EAA684 /* InfoModel.swift in Sources */ = {isa = PBXBuildFile; fileRef = 1D60C98728A92D2B00EAA684 /* InfoModel.swift */; };
		1D60C98B28A951A400EAA684 /* InfoCoordinator.swift in Sources */ = {isa = PBXBuildFile; fileRef = 1D60C98A28A951A400EAA684 /* InfoCoordinator.swift */; };
		1D72652B286DCE8D00C139F5 /* Storage_Service.h in Headers */ = {isa = PBXBuildFile; fileRef = 1D72652A286DCE8D00C139F5 /* Storage_Service.h */; settings = {ATTRIBUTES = (Public, ); }; };
		1D72652E286DCE8D00C139F5 /* Storage_Service.framework in Frameworks */ = {isa = PBXBuildFile; fileRef = 1D726528286DCE8D00C139F5 /* Storage_Service.framework */; };
		1D72652F286DCE8D00C139F5 /* Storage_Service.framework in Embed Frameworks */ = {isa = PBXBuildFile; fileRef = 1D726528286DCE8D00C139F5 /* Storage_Service.framework */; settings = {ATTRIBUTES = (CodeSignOnCopy, RemoveHeadersOnCopy, ); }; };
		1D726534286DCF7A00C139F5 /* Post.swift in Sources */ = {isa = PBXBuildFile; fileRef = 1DCBF7E02808511000712F54 /* Post.swift */; };
		1D7F4E3128887A13001938FC /* iOSIntPackage in Frameworks */ = {isa = PBXBuildFile; productRef = 1D7F4E3028887A13001938FC /* iOSIntPackage */; };
		1D80D6D62858A9BE00507973 /* PhotosPreviewCollectionViewCell.swift in Sources */ = {isa = PBXBuildFile; fileRef = 1D80D6D52858A9BE00507973 /* PhotosPreviewCollectionViewCell.swift */; };
		1D9DAB41281FEB140003E8AE /* ProfileHeaderView.swift in Sources */ = {isa = PBXBuildFile; fileRef = 1D9DAB40281FEB140003E8AE /* ProfileHeaderView.swift */; };
		1DA1BD7E2850D3CE0083727C /* PhotosTableViewCell.swift in Sources */ = {isa = PBXBuildFile; fileRef = 1DA1BD7D2850D3CE0083727C /* PhotosTableViewCell.swift */; };
		1DB18DE6287E056A001285DC /* User.swift in Sources */ = {isa = PBXBuildFile; fileRef = 1DB18DE5287E056A001285DC /* User.swift */; };
		1DCBF7C52808390900712F54 /* AppDelegate.swift in Sources */ = {isa = PBXBuildFile; fileRef = 1DCBF7C42808390900712F54 /* AppDelegate.swift */; };
		1DCBF7CE2808390A00712F54 /* Assets.xcassets in Resources */ = {isa = PBXBuildFile; fileRef = 1DCBF7CD2808390A00712F54 /* Assets.xcassets */; };
		1DCBF7D12808390A00712F54 /* LaunchScreen.storyboard in Resources */ = {isa = PBXBuildFile; fileRef = 1DCBF7CF2808390A00712F54 /* LaunchScreen.storyboard */; };
		1DCBF7D92808479300712F54 /* FeedViewController.swift in Sources */ = {isa = PBXBuildFile; fileRef = 1DCBF7D82808479300712F54 /* FeedViewController.swift */; };
		1DCBF7DB280847AF00712F54 /* ProfileViewController.swift in Sources */ = {isa = PBXBuildFile; fileRef = 1DCBF7DA280847AF00712F54 /* ProfileViewController.swift */; };
		1DCBF7DF28084A3100712F54 /* PostViewController.swift in Sources */ = {isa = PBXBuildFile; fileRef = 1DCBF7DE28084A3100712F54 /* PostViewController.swift */; };
		1DCBF7E52808566C00712F54 /* InfoViewController.swift in Sources */ = {isa = PBXBuildFile; fileRef = 1DCBF7E42808566C00712F54 /* InfoViewController.swift */; };
		1DDFCC692843B64100FE101C /* LogInViewController.swift in Sources */ = {isa = PBXBuildFile; fileRef = 1DDFCC682843B64100FE101C /* LogInViewController.swift */; };
		1DEE567F2881A15300C64233 /* Checker.swift in Sources */ = {isa = PBXBuildFile; fileRef = 1DEE567E2881A15300C64233 /* Checker.swift */; };
		1DEE56812881A9E200C64233 /* LoginInspector.swift in Sources */ = {isa = PBXBuildFile; fileRef = 1DEE56802881A9E200C64233 /* LoginInspector.swift */; };
/* End PBXBuildFile section */

/* Begin PBXContainerItemProxy section */
		1D72652C286DCE8D00C139F5 /* PBXContainerItemProxy */ = {
			isa = PBXContainerItemProxy;
			containerPortal = 1DCBF7B92808390900712F54 /* Project object */;
			proxyType = 1;
			remoteGlobalIDString = 1D726527286DCE8D00C139F5;
			remoteInfo = "Storage Service";
		};
/* End PBXContainerItemProxy section */

/* Begin PBXCopyFilesBuildPhase section */
		1D726530286DCE8D00C139F5 /* Embed Frameworks */ = {
			isa = PBXCopyFilesBuildPhase;
			buildActionMask = 2147483647;
			dstPath = "";
			dstSubfolderSpec = 10;
			files = (
				1D72652F286DCE8D00C139F5 /* Storage_Service.framework in Embed Frameworks */,
			);
			name = "Embed Frameworks";
			runOnlyForDeploymentPostprocessing = 0;
		};
/* End PBXCopyFilesBuildPhase section */

/* Begin PBXFileReference section */
		1D0D3FC228490ABE00F25F64 /* PostTableViewCell.swift */ = {isa = PBXFileReference; lastKnownFileType = sourcecode.swift; path = PostTableViewCell.swift; sourceTree = "<group>"; };
		1D1E2BE928A3D66B00985864 /* Coordinator.swift */ = {isa = PBXFileReference; lastKnownFileType = sourcecode.swift; path = Coordinator.swift; sourceTree = "<group>"; };
		1D1E2BEB28A3D67C00985864 /* MainCoordinator.swift */ = {isa = PBXFileReference; lastKnownFileType = sourcecode.swift; path = MainCoordinator.swift; sourceTree = "<group>"; };
		1D1E2BED28A3D6CC00985864 /* ProfileCoordinator.swift */ = {isa = PBXFileReference; lastKnownFileType = sourcecode.swift; path = ProfileCoordinator.swift; sourceTree = "<group>"; };
		1D1E2BEF28A3D6DB00985864 /* FeedCoordinator.swift */ = {isa = PBXFileReference; lastKnownFileType = sourcecode.swift; path = FeedCoordinator.swift; sourceTree = "<group>"; };
		1D1E2BF128A3D6F500985864 /* PhotosCoordinator.swift */ = {isa = PBXFileReference; lastKnownFileType = sourcecode.swift; path = PhotosCoordinator.swift; sourceTree = "<group>"; };
		1D1E2BF328A3D71400985864 /* PostCoordinator.swift */ = {isa = PBXFileReference; lastKnownFileType = sourcecode.swift; path = PostCoordinator.swift; sourceTree = "<group>"; };
		1D1E2BF528A3D72400985864 /* LoginCoordinator.swift */ = {isa = PBXFileReference; lastKnownFileType = sourcecode.swift; path = LoginCoordinator.swift; sourceTree = "<group>"; };
		1D1E2C0028A4008700985864 /* TabBarFactory.swift */ = {isa = PBXFileReference; lastKnownFileType = sourcecode.swift; path = TabBarFactory.swift; sourceTree = "<group>"; };
		1D360F512896D56000126F99 /* CustomButton.swift */ = {isa = PBXFileReference; lastKnownFileType = sourcecode.swift; path = CustomButton.swift; sourceTree = "<group>"; };
		1D360F542896E7FF00126F99 /* FeedModel.swift */ = {isa = PBXFileReference; lastKnownFileType = sourcecode.swift; path = FeedModel.swift; sourceTree = "<group>"; };
		1D37EA6D285CD5530087175B /* PhotosViewController.swift */ = {isa = PBXFileReference; lastKnownFileType = sourcecode.swift; path = PhotosViewController.swift; sourceTree = "<group>"; };
		1D37EA6F285CD63E0087175B /* PhotosCollectionViewCell.swift */ = {isa = PBXFileReference; lastKnownFileType = sourcecode.swift; path = PhotosCollectionViewCell.swift; sourceTree = "<group>"; };
		1D37EA73285D16DA0087175B /* Photo.swift */ = {isa = PBXFileReference; lastKnownFileType = sourcecode.swift; path = Photo.swift; sourceTree = "<group>"; };
		1D60C97D28A9181000EAA684 /* MainTabbarViewController.swift */ = {isa = PBXFileReference; lastKnownFileType = sourcecode.swift; path = MainTabbarViewController.swift; sourceTree = "<group>"; };
		1D60C97F28A91BFA00EAA684 /* ViewControllerFactory.swift */ = {isa = PBXFileReference; lastKnownFileType = sourcecode.swift; path = ViewControllerFactory.swift; sourceTree = "<group>"; };
		1D60C98128A92C8700EAA684 /* PhotosModel.swift */ = {isa = PBXFileReference; lastKnownFileType = sourcecode.swift; path = PhotosModel.swift; sourceTree = "<group>"; };
		1D60C98328A92C9300EAA684 /* ProfileModel.swift */ = {isa = PBXFileReference; lastKnownFileType = sourcecode.swift; path = ProfileModel.swift; sourceTree = "<group>"; };
		1D60C98528A92D2000EAA684 /* PostModel.swift */ = {isa = PBXFileReference; lastKnownFileType = sourcecode.swift; path = PostModel.swift; sourceTree = "<group>"; };
		1D60C98728A92D2B00EAA684 /* InfoModel.swift */ = {isa = PBXFileReference; lastKnownFileType = sourcecode.swift; path = InfoModel.swift; sourceTree = "<group>"; };
		1D60C98A28A951A400EAA684 /* InfoCoordinator.swift */ = {isa = PBXFileReference; lastKnownFileType = sourcecode.swift; path = InfoCoordinator.swift; sourceTree = "<group>"; };
		1D726528286DCE8D00C139F5 /* Storage_Service.framework */ = {isa = PBXFileReference; explicitFileType = wrapper.framework; includeInIndex = 0; path = Storage_Service.framework; sourceTree = BUILT_PRODUCTS_DIR; };
		1D72652A286DCE8D00C139F5 /* Storage_Service.h */ = {isa = PBXFileReference; lastKnownFileType = sourcecode.c.h; path = Storage_Service.h; sourceTree = "<group>"; };
		1D80D6D52858A9BE00507973 /* PhotosPreviewCollectionViewCell.swift */ = {isa = PBXFileReference; lastKnownFileType = sourcecode.swift; path = PhotosPreviewCollectionViewCell.swift; sourceTree = "<group>"; };
		1D9DAB40281FEB140003E8AE /* ProfileHeaderView.swift */ = {isa = PBXFileReference; lastKnownFileType = sourcecode.swift; path = ProfileHeaderView.swift; sourceTree = "<group>"; };
		1DA1BD7D2850D3CE0083727C /* PhotosTableViewCell.swift */ = {isa = PBXFileReference; lastKnownFileType = sourcecode.swift; path = PhotosTableViewCell.swift; sourceTree = "<group>"; };
		1DB18DE5287E056A001285DC /* User.swift */ = {isa = PBXFileReference; lastKnownFileType = sourcecode.swift; path = User.swift; sourceTree = "<group>"; };
		1DCBF7C12808390900712F54 /* Navigation.app */ = {isa = PBXFileReference; explicitFileType = wrapper.application; includeInIndex = 0; path = Navigation.app; sourceTree = BUILT_PRODUCTS_DIR; };
		1DCBF7C42808390900712F54 /* AppDelegate.swift */ = {isa = PBXFileReference; lastKnownFileType = sourcecode.swift; path = AppDelegate.swift; sourceTree = "<group>"; };
		1DCBF7CD2808390A00712F54 /* Assets.xcassets */ = {isa = PBXFileReference; lastKnownFileType = folder.assetcatalog; path = Assets.xcassets; sourceTree = "<group>"; };
		1DCBF7D02808390A00712F54 /* Base */ = {isa = PBXFileReference; lastKnownFileType = file.storyboard; name = Base; path = Base.lproj/LaunchScreen.storyboard; sourceTree = "<group>"; };
		1DCBF7D22808390A00712F54 /* Info.plist */ = {isa = PBXFileReference; lastKnownFileType = text.plist.xml; path = Info.plist; sourceTree = "<group>"; };
		1DCBF7D82808479300712F54 /* FeedViewController.swift */ = {isa = PBXFileReference; lastKnownFileType = sourcecode.swift; path = FeedViewController.swift; sourceTree = "<group>"; };
		1DCBF7DA280847AF00712F54 /* ProfileViewController.swift */ = {isa = PBXFileReference; lastKnownFileType = sourcecode.swift; path = ProfileViewController.swift; sourceTree = "<group>"; };
		1DCBF7DE28084A3100712F54 /* PostViewController.swift */ = {isa = PBXFileReference; lastKnownFileType = sourcecode.swift; path = PostViewController.swift; sourceTree = "<group>"; };
		1DCBF7E02808511000712F54 /* Post.swift */ = {isa = PBXFileReference; lastKnownFileType = sourcecode.swift; path = Post.swift; sourceTree = "<group>"; };
		1DCBF7E42808566C00712F54 /* InfoViewController.swift */ = {isa = PBXFileReference; lastKnownFileType = sourcecode.swift; path = InfoViewController.swift; sourceTree = "<group>"; };
		1DDFCC682843B64100FE101C /* LogInViewController.swift */ = {isa = PBXFileReference; lastKnownFileType = sourcecode.swift; path = LogInViewController.swift; sourceTree = "<group>"; };
		1DEE567E2881A15300C64233 /* Checker.swift */ = {isa = PBXFileReference; lastKnownFileType = sourcecode.swift; path = Checker.swift; sourceTree = "<group>"; };
		1DEE56802881A9E200C64233 /* LoginInspector.swift */ = {isa = PBXFileReference; lastKnownFileType = sourcecode.swift; path = LoginInspector.swift; sourceTree = "<group>"; };
		B1D85ABBF37CDF1634CE5F96 /* Pods-Navigation.debug.xcconfig */ = {isa = PBXFileReference; includeInIndex = 1; lastKnownFileType = text.xcconfig; name = "Pods-Navigation.debug.xcconfig"; path = "Target Support Files/Pods-Navigation/Pods-Navigation.debug.xcconfig"; sourceTree = "<group>"; };
		F3412635B4CFE872882E49FB /* Pods-Navigation.release.xcconfig */ = {isa = PBXFileReference; includeInIndex = 1; lastKnownFileType = text.xcconfig; name = "Pods-Navigation.release.xcconfig"; path = "Target Support Files/Pods-Navigation/Pods-Navigation.release.xcconfig"; sourceTree = "<group>"; };
		F38AF1CD0D768E8F49E266AE /* Pods_Navigation.framework */ = {isa = PBXFileReference; explicitFileType = wrapper.framework; includeInIndex = 0; path = Pods_Navigation.framework; sourceTree = BUILT_PRODUCTS_DIR; };
/* End PBXFileReference section */

/* Begin PBXFrameworksBuildPhase section */
		1D726525286DCE8D00C139F5 /* Frameworks */ = {
			isa = PBXFrameworksBuildPhase;
			buildActionMask = 2147483647;
			files = (
			);
			runOnlyForDeploymentPostprocessing = 0;
		};
		1DCBF7BE2808390900712F54 /* Frameworks */ = {
			isa = PBXFrameworksBuildPhase;
			buildActionMask = 2147483647;
			files = (
				1D3CA292287211B60027C0F0 /* iOSIntPackage in Frameworks */,
				1D72652E286DCE8D00C139F5 /* Storage_Service.framework in Frameworks */,
				15198C71EC818163BDFF755D /* Pods_Navigation.framework in Frameworks */,
				1D7F4E3128887A13001938FC /* iOSIntPackage in Frameworks */,
			);
			runOnlyForDeploymentPostprocessing = 0;
		};
/* End PBXFrameworksBuildPhase section */

/* Begin PBXGroup section */
		1D1E2BFB28A3F7FB00985864 /* Factory */ = {
			isa = PBXGroup;
			children = (
				1D1E2C0028A4008700985864 /* TabBarFactory.swift */,
				1D60C97F28A91BFA00EAA684 /* ViewControllerFactory.swift */,
			);
			path = Factory;
			sourceTree = "<group>";
		};
		1D360F532896E7A600126F99 /* ViewCells */ = {
			isa = PBXGroup;
			children = (
				1D0D3FC228490ABE00F25F64 /* PostTableViewCell.swift */,
				1D37EA6F285CD63E0087175B /* PhotosCollectionViewCell.swift */,
				1DA1BD7D2850D3CE0083727C /* PhotosTableViewCell.swift */,
				1D80D6D52858A9BE00507973 /* PhotosPreviewCollectionViewCell.swift */,
			);
			path = ViewCells;
			sourceTree = "<group>";
		};
		1D60C98928A92D6A00EAA684 /* Model */ = {
			isa = PBXGroup;
			children = (
				1D360F542896E7FF00126F99 /* FeedModel.swift */,
				1D60C98128A92C8700EAA684 /* PhotosModel.swift */,
				1D60C98328A92C9300EAA684 /* ProfileModel.swift */,
				1D60C98528A92D2000EAA684 /* PostModel.swift */,
				1D60C98728A92D2B00EAA684 /* InfoModel.swift */,
			);
			path = Model;
			sourceTree = "<group>";
		};
		1D726529286DCE8D00C139F5 /* Storage Service */ = {
			isa = PBXGroup;
			children = (
				1D72652A286DCE8D00C139F5 /* Storage_Service.h */,
				1DCBF7E02808511000712F54 /* Post.swift */,
			);
			path = "Storage Service";
			sourceTree = "<group>";
		};
		1D9DAB3F281FEACC0003E8AE /* Profile */ = {
			isa = PBXGroup;
			children = (
				1DCBF7DA280847AF00712F54 /* ProfileViewController.swift */,
				1D9DAB40281FEB140003E8AE /* ProfileHeaderView.swift */,
			);
			path = Profile;
			sourceTree = "<group>";
		};
		1DBF2152289D13F500E0DCB6 /* Coordinators */ = {
			isa = PBXGroup;
			children = (
				1D1E2BE928A3D66B00985864 /* Coordinator.swift */,
				1D1E2BEB28A3D67C00985864 /* MainCoordinator.swift */,
				1D1E2BED28A3D6CC00985864 /* ProfileCoordinator.swift */,
				1D1E2BF128A3D6F500985864 /* PhotosCoordinator.swift */,
				1D1E2BF328A3D71400985864 /* PostCoordinator.swift */,
				1D1E2BF528A3D72400985864 /* LoginCoordinator.swift */,
				1D1E2BEF28A3D6DB00985864 /* FeedCoordinator.swift */,
				1D60C98A28A951A400EAA684 /* InfoCoordinator.swift */,
			);
			path = Coordinators;
			sourceTree = "<group>";
		};
		1DCBF7B82808390900712F54 = {
			isa = PBXGroup;
			children = (
				1DCBF7C32808390900712F54 /* Navigation */,
				1D726529286DCE8D00C139F5 /* Storage Service */,
				1DCBF7C22808390900712F54 /* Products */,
				DFB67CD2E83B9880AB2FF26A /* Pods */,
				9B7C95B5D22B443026A28667 /* Frameworks */,
			);
			sourceTree = "<group>";
		};
		1DCBF7C22808390900712F54 /* Products */ = {
			isa = PBXGroup;
			children = (
				1DCBF7C12808390900712F54 /* Navigation.app */,
				1D726528286DCE8D00C139F5 /* Storage_Service.framework */,
			);
			name = Products;
			sourceTree = "<group>";
		};
		1DCBF7C32808390900712F54 /* Navigation */ = {
			isa = PBXGroup;
			children = (
				1D60C98928A92D6A00EAA684 /* Model */,
				1D1E2BFB28A3F7FB00985864 /* Factory */,
				1DBF2152289D13F500E0DCB6 /* Coordinators */,
				1D360F532896E7A600126F99 /* ViewCells */,
				1D9DAB3F281FEACC0003E8AE /* Profile */,
				1DCBF7E32808519B00712F54 /* Controllers */,
				1DCBF7E22808518100712F54 /* Data */,
				1DCBF7C42808390900712F54 /* AppDelegate.swift */,
				1DCBF7CD2808390A00712F54 /* Assets.xcassets */,
				1DCBF7CF2808390A00712F54 /* LaunchScreen.storyboard */,
				1DCBF7D22808390A00712F54 /* Info.plist */,
			);
			path = Navigation;
			sourceTree = "<group>";
		};
		1DCBF7E22808518100712F54 /* Data */ = {
			isa = PBXGroup;
			children = (
				1D37EA73285D16DA0087175B /* Photo.swift */,
				1DEE567E2881A15300C64233 /* Checker.swift */,
				1DB18DE5287E056A001285DC /* User.swift */,
				1DEE56802881A9E200C64233 /* LoginInspector.swift */,
				1D360F512896D56000126F99 /* CustomButton.swift */,
			);
			path = Data;
			sourceTree = "<group>";
		};
		1DCBF7E32808519B00712F54 /* Controllers */ = {
			isa = PBXGroup;
			children = (
				1DCBF7D82808479300712F54 /* FeedViewController.swift */,
				1D37EA6D285CD5530087175B /* PhotosViewController.swift */,
				1DCBF7DE28084A3100712F54 /* PostViewController.swift */,
				1DCBF7E42808566C00712F54 /* InfoViewController.swift */,
				1DDFCC682843B64100FE101C /* LogInViewController.swift */,
				1D60C97D28A9181000EAA684 /* MainTabbarViewController.swift */,
			);
			path = Controllers;
			sourceTree = "<group>";
		};
		9B7C95B5D22B443026A28667 /* Frameworks */ = {
			isa = PBXGroup;
			children = (
				F38AF1CD0D768E8F49E266AE /* Pods_Navigation.framework */,
			);
			name = Frameworks;
			sourceTree = "<group>";
		};
		DFB67CD2E83B9880AB2FF26A /* Pods */ = {
			isa = PBXGroup;
			children = (
				B1D85ABBF37CDF1634CE5F96 /* Pods-Navigation.debug.xcconfig */,
				F3412635B4CFE872882E49FB /* Pods-Navigation.release.xcconfig */,
			);
			path = Pods;
			sourceTree = "<group>";
		};
/* End PBXGroup section */

/* Begin PBXHeadersBuildPhase section */
		1D726523286DCE8D00C139F5 /* Headers */ = {
			isa = PBXHeadersBuildPhase;
			buildActionMask = 2147483647;
			files = (
				1D72652B286DCE8D00C139F5 /* Storage_Service.h in Headers */,
			);
			runOnlyForDeploymentPostprocessing = 0;
		};
/* End PBXHeadersBuildPhase section */

/* Begin PBXNativeTarget section */
		1D726527286DCE8D00C139F5 /* Storage Service */ = {
			isa = PBXNativeTarget;
			buildConfigurationList = 1D726533286DCE8D00C139F5 /* Build configuration list for PBXNativeTarget "Storage Service" */;
			buildPhases = (
				1D726523286DCE8D00C139F5 /* Headers */,
				1D726524286DCE8D00C139F5 /* Sources */,
				1D726525286DCE8D00C139F5 /* Frameworks */,
				1D726526286DCE8D00C139F5 /* Resources */,
			);
			buildRules = (
			);
			dependencies = (
			);
			name = "Storage Service";
			productName = "Storage Service";
			productReference = 1D726528286DCE8D00C139F5 /* Storage_Service.framework */;
			productType = "com.apple.product-type.framework";
		};
		1DCBF7C02808390900712F54 /* Navigation */ = {
			isa = PBXNativeTarget;
			buildConfigurationList = 1DCBF7D52808390A00712F54 /* Build configuration list for PBXNativeTarget "Navigation" */;
			buildPhases = (
				9493FA5EE4B81CD7408AA2B9 /* [CP] Check Pods Manifest.lock */,
				1DCBF7BD2808390900712F54 /* Sources */,
				1DCBF7BE2808390900712F54 /* Frameworks */,
				1DCBF7BF2808390900712F54 /* Resources */,
				1D726530286DCE8D00C139F5 /* Embed Frameworks */,
				49D72042938B87FE5FFAC442 /* [CP] Embed Pods Frameworks */,
			);
			buildRules = (
			);
			dependencies = (
				1D72652D286DCE8D00C139F5 /* PBXTargetDependency */,
			);
			name = Navigation;
			packageProductDependencies = (
				1D3CA291287211B60027C0F0 /* iOSIntPackage */,
				1D7F4E3028887A13001938FC /* iOSIntPackage */,
			);
			productName = Navigation;
			productReference = 1DCBF7C12808390900712F54 /* Navigation.app */;
			productType = "com.apple.product-type.application";
		};
/* End PBXNativeTarget section */

/* Begin PBXProject section */
		1DCBF7B92808390900712F54 /* Project object */ = {
			isa = PBXProject;
			attributes = {
				BuildIndependentTargetsInParallel = 1;
				LastSwiftUpdateCheck = 1330;
				LastUpgradeCheck = 1330;
				TargetAttributes = {
					1D726527286DCE8D00C139F5 = {
						CreatedOnToolsVersion = 13.4.1;
					};
					1DCBF7C02808390900712F54 = {
						CreatedOnToolsVersion = 13.3;
					};
				};
			};
			buildConfigurationList = 1DCBF7BC2808390900712F54 /* Build configuration list for PBXProject "Navigation" */;
			compatibilityVersion = "Xcode 13.0";
			developmentRegion = en;
			hasScannedForEncodings = 0;
			knownRegions = (
				en,
				Base,
			);
			mainGroup = 1DCBF7B82808390900712F54;
			packageReferences = (
				1D3CA290287211B60027C0F0 /* XCRemoteSwiftPackageReference "iOSIntPackage" */,
				1D7F4E2F28887A13001938FC /* XCRemoteSwiftPackageReference "iOSIntPackage" */,
			);
			productRefGroup = 1DCBF7C22808390900712F54 /* Products */;
			projectDirPath = "";
			projectRoot = "";
			targets = (
				1DCBF7C02808390900712F54 /* Navigation */,
				1D726527286DCE8D00C139F5 /* Storage Service */,
			);
		};
/* End PBXProject section */

/* Begin PBXResourcesBuildPhase section */
		1D726526286DCE8D00C139F5 /* Resources */ = {
			isa = PBXResourcesBuildPhase;
			buildActionMask = 2147483647;
			files = (
			);
			runOnlyForDeploymentPostprocessing = 0;
		};
		1DCBF7BF2808390900712F54 /* Resources */ = {
			isa = PBXResourcesBuildPhase;
			buildActionMask = 2147483647;
			files = (
				1DCBF7D12808390A00712F54 /* LaunchScreen.storyboard in Resources */,
				1DCBF7CE2808390A00712F54 /* Assets.xcassets in Resources */,
			);
			runOnlyForDeploymentPostprocessing = 0;
		};
/* End PBXResourcesBuildPhase section */

/* Begin PBXShellScriptBuildPhase section */
		49D72042938B87FE5FFAC442 /* [CP] Embed Pods Frameworks */ = {
			isa = PBXShellScriptBuildPhase;
			buildActionMask = 2147483647;
			files = (
			);
			inputFileListPaths = (
				"${PODS_ROOT}/Target Support Files/Pods-Navigation/Pods-Navigation-frameworks-${CONFIGURATION}-input-files.xcfilelist",
			);
			name = "[CP] Embed Pods Frameworks";
			outputFileListPaths = (
				"${PODS_ROOT}/Target Support Files/Pods-Navigation/Pods-Navigation-frameworks-${CONFIGURATION}-output-files.xcfilelist",
			);
			runOnlyForDeploymentPostprocessing = 0;
			shellPath = /bin/sh;
			shellScript = "\"${PODS_ROOT}/Target Support Files/Pods-Navigation/Pods-Navigation-frameworks.sh\"\n";
			showEnvVarsInLog = 0;
		};
		9493FA5EE4B81CD7408AA2B9 /* [CP] Check Pods Manifest.lock */ = {
			isa = PBXShellScriptBuildPhase;
			buildActionMask = 2147483647;
			files = (
			);
			inputFileListPaths = (
			);
			inputPaths = (
				"${PODS_PODFILE_DIR_PATH}/Podfile.lock",
				"${PODS_ROOT}/Manifest.lock",
			);
			name = "[CP] Check Pods Manifest.lock";
			outputFileListPaths = (
			);
			outputPaths = (
				"$(DERIVED_FILE_DIR)/Pods-Navigation-checkManifestLockResult.txt",
			);
			runOnlyForDeploymentPostprocessing = 0;
			shellPath = /bin/sh;
			shellScript = "diff \"${PODS_PODFILE_DIR_PATH}/Podfile.lock\" \"${PODS_ROOT}/Manifest.lock\" > /dev/null\nif [ $? != 0 ] ; then\n    # print error to STDERR\n    echo \"error: The sandbox is not in sync with the Podfile.lock. Run 'pod install' or update your CocoaPods installation.\" >&2\n    exit 1\nfi\n# This output is used by Xcode 'outputs' to avoid re-running this script phase.\necho \"SUCCESS\" > \"${SCRIPT_OUTPUT_FILE_0}\"\n";
			showEnvVarsInLog = 0;
		};
/* End PBXShellScriptBuildPhase section */

/* Begin PBXSourcesBuildPhase section */
		1D726524286DCE8D00C139F5 /* Sources */ = {
			isa = PBXSourcesBuildPhase;
			buildActionMask = 2147483647;
			files = (
				1D726534286DCF7A00C139F5 /* Post.swift in Sources */,
			);
			runOnlyForDeploymentPostprocessing = 0;
		};
		1DCBF7BD2808390900712F54 /* Sources */ = {
			isa = PBXSourcesBuildPhase;
			buildActionMask = 2147483647;
			files = (
				1DA1BD7E2850D3CE0083727C /* PhotosTableViewCell.swift in Sources */,
				1D60C98028A91BFA00EAA684 /* ViewControllerFactory.swift in Sources */,
				1D60C98628A92D2000EAA684 /* PostModel.swift in Sources */,
				1D1E2BEE28A3D6CC00985864 /* ProfileCoordinator.swift in Sources */,
				1D1E2BF428A3D71400985864 /* PostCoordinator.swift in Sources */,
				1D1E2BF228A3D6F500985864 /* PhotosCoordinator.swift in Sources */,
				1D360F552896E7FF00126F99 /* FeedModel.swift in Sources */,
				1D60C98828A92D2B00EAA684 /* InfoModel.swift in Sources */,
				1DEE567F2881A15300C64233 /* Checker.swift in Sources */,
				1DCBF7DF28084A3100712F54 /* PostViewController.swift in Sources */,
				1D1E2BF628A3D72400985864 /* LoginCoordinator.swift in Sources */,
				1D60C98B28A951A400EAA684 /* InfoCoordinator.swift in Sources */,
				1DCBF7D92808479300712F54 /* FeedViewController.swift in Sources */,
				1D60C97E28A9181000EAA684 /* MainTabbarViewController.swift in Sources */,
				1DCBF7DB280847AF00712F54 /* ProfileViewController.swift in Sources */,
				1D1E2BEA28A3D66B00985864 /* Coordinator.swift in Sources */,
				1D37EA70285CD63E0087175B /* PhotosCollectionViewCell.swift in Sources */,
				1D60C98228A92C8700EAA684 /* PhotosModel.swift in Sources */,
				1D60C98428A92C9300EAA684 /* ProfileModel.swift in Sources */,
				1DCBF7C52808390900712F54 /* AppDelegate.swift in Sources */,
				1DB18DE6287E056A001285DC /* User.swift in Sources */,
				1D80D6D62858A9BE00507973 /* PhotosPreviewCollectionViewCell.swift in Sources */,
				1D1E2C0128A4008700985864 /* TabBarFactory.swift in Sources */,
				1DDFCC692843B64100FE101C /* LogInViewController.swift in Sources */,
				1D9DAB41281FEB140003E8AE /* ProfileHeaderView.swift in Sources */,
				1D1E2BEC28A3D67C00985864 /* MainCoordinator.swift in Sources */,
				1D37EA74285D16DA0087175B /* Photo.swift in Sources */,
				1DCBF7E52808566C00712F54 /* InfoViewController.swift in Sources */,
				1D360F522896D56000126F99 /* CustomButton.swift in Sources */,
				1D1E2BF028A3D6DB00985864 /* FeedCoordinator.swift in Sources */,
				1D37EA6E285CD5530087175B /* PhotosViewController.swift in Sources */,
				1D0D3FC328490ABE00F25F64 /* PostTableViewCell.swift in Sources */,
				1DEE56812881A9E200C64233 /* LoginInspector.swift in Sources */,
			);
			runOnlyForDeploymentPostprocessing = 0;
		};
/* End PBXSourcesBuildPhase section */

/* Begin PBXTargetDependency section */
		1D72652D286DCE8D00C139F5 /* PBXTargetDependency */ = {
			isa = PBXTargetDependency;
			target = 1D726527286DCE8D00C139F5 /* Storage Service */;
			targetProxy = 1D72652C286DCE8D00C139F5 /* PBXContainerItemProxy */;
		};
/* End PBXTargetDependency section */

/* Begin PBXVariantGroup section */
		1DCBF7CF2808390A00712F54 /* LaunchScreen.storyboard */ = {
			isa = PBXVariantGroup;
			children = (
				1DCBF7D02808390A00712F54 /* Base */,
			);
			name = LaunchScreen.storyboard;
			sourceTree = "<group>";
		};
/* End PBXVariantGroup section */

/* Begin XCBuildConfiguration section */
		1D726531286DCE8D00C139F5 /* Debug */ = {
			isa = XCBuildConfiguration;
			buildSettings = {
				CODE_SIGN_STYLE = Automatic;
				CURRENT_PROJECT_VERSION = 1;
				DEFINES_MODULE = YES;
				DEVELOPMENT_TEAM = 3PHDNLY2RU;
				DYLIB_COMPATIBILITY_VERSION = 1;
				DYLIB_CURRENT_VERSION = 1;
				DYLIB_INSTALL_NAME_BASE = "@rpath";
				GENERATE_INFOPLIST_FILE = YES;
				INFOPLIST_KEY_NSHumanReadableCopyright = "";
				INSTALL_PATH = "$(LOCAL_LIBRARY_DIR)/Frameworks";
				IPHONEOS_DEPLOYMENT_TARGET = 15.5;
				LD_RUNPATH_SEARCH_PATHS = (
					"$(inherited)",
					"@executable_path/Frameworks",
					"@loader_path/Frameworks",
				);
				MARKETING_VERSION = 1.0;
				PRODUCT_BUNDLE_IDENTIFIER = "iosUI-20.Storage-Service";
				PRODUCT_NAME = "$(TARGET_NAME:c99extidentifier)";
				SKIP_INSTALL = YES;
				SUPPORTS_MACCATALYST = NO;
				SWIFT_EMIT_LOC_STRINGS = YES;
				SWIFT_VERSION = 5.0;
				TARGETED_DEVICE_FAMILY = "1,2";
				VERSIONING_SYSTEM = "apple-generic";
				VERSION_INFO_PREFIX = "";
			};
			name = Debug;
		};
		1D726532286DCE8D00C139F5 /* Release */ = {
			isa = XCBuildConfiguration;
			buildSettings = {
				CODE_SIGN_STYLE = Automatic;
				CURRENT_PROJECT_VERSION = 1;
				DEFINES_MODULE = YES;
				DEVELOPMENT_TEAM = 3PHDNLY2RU;
				DYLIB_COMPATIBILITY_VERSION = 1;
				DYLIB_CURRENT_VERSION = 1;
				DYLIB_INSTALL_NAME_BASE = "@rpath";
				GENERATE_INFOPLIST_FILE = YES;
				INFOPLIST_KEY_NSHumanReadableCopyright = "";
				INSTALL_PATH = "$(LOCAL_LIBRARY_DIR)/Frameworks";
				IPHONEOS_DEPLOYMENT_TARGET = 15.5;
				LD_RUNPATH_SEARCH_PATHS = (
					"$(inherited)",
					"@executable_path/Frameworks",
					"@loader_path/Frameworks",
				);
				MARKETING_VERSION = 1.0;
				PRODUCT_BUNDLE_IDENTIFIER = "iosUI-20.Storage-Service";
				PRODUCT_NAME = "$(TARGET_NAME:c99extidentifier)";
				SKIP_INSTALL = YES;
				SUPPORTS_MACCATALYST = NO;
				SWIFT_EMIT_LOC_STRINGS = YES;
				SWIFT_VERSION = 5.0;
				TARGETED_DEVICE_FAMILY = "1,2";
				VERSIONING_SYSTEM = "apple-generic";
				VERSION_INFO_PREFIX = "";
			};
			name = Release;
		};
		1DCBF7D32808390A00712F54 /* Debug */ = {
			isa = XCBuildConfiguration;
			buildSettings = {
				ALWAYS_SEARCH_USER_PATHS = NO;
				CLANG_ANALYZER_NONNULL = YES;
				CLANG_ANALYZER_NUMBER_OBJECT_CONVERSION = YES_AGGRESSIVE;
				CLANG_CXX_LANGUAGE_STANDARD = "gnu++17";
				CLANG_ENABLE_MODULES = YES;
				CLANG_ENABLE_OBJC_ARC = YES;
				CLANG_ENABLE_OBJC_WEAK = YES;
				CLANG_WARN_BLOCK_CAPTURE_AUTORELEASING = YES;
				CLANG_WARN_BOOL_CONVERSION = YES;
				CLANG_WARN_COMMA = YES;
				CLANG_WARN_CONSTANT_CONVERSION = YES;
				CLANG_WARN_DEPRECATED_OBJC_IMPLEMENTATIONS = YES;
				CLANG_WARN_DIRECT_OBJC_ISA_USAGE = YES_ERROR;
				CLANG_WARN_DOCUMENTATION_COMMENTS = YES;
				CLANG_WARN_EMPTY_BODY = YES;
				CLANG_WARN_ENUM_CONVERSION = YES;
				CLANG_WARN_INFINITE_RECURSION = YES;
				CLANG_WARN_INT_CONVERSION = YES;
				CLANG_WARN_NON_LITERAL_NULL_CONVERSION = YES;
				CLANG_WARN_OBJC_IMPLICIT_RETAIN_SELF = YES;
				CLANG_WARN_OBJC_LITERAL_CONVERSION = YES;
				CLANG_WARN_OBJC_ROOT_CLASS = YES_ERROR;
				CLANG_WARN_QUOTED_INCLUDE_IN_FRAMEWORK_HEADER = YES;
				CLANG_WARN_RANGE_LOOP_ANALYSIS = YES;
				CLANG_WARN_STRICT_PROTOTYPES = YES;
				CLANG_WARN_SUSPICIOUS_MOVE = YES;
				CLANG_WARN_UNGUARDED_AVAILABILITY = YES_AGGRESSIVE;
				CLANG_WARN_UNREACHABLE_CODE = YES;
				CLANG_WARN__DUPLICATE_METHOD_MATCH = YES;
				COPY_PHASE_STRIP = NO;
				DEBUG_INFORMATION_FORMAT = dwarf;
				ENABLE_STRICT_OBJC_MSGSEND = YES;
				ENABLE_TESTABILITY = YES;
				GCC_C_LANGUAGE_STANDARD = gnu11;
				GCC_DYNAMIC_NO_PIC = NO;
				GCC_NO_COMMON_BLOCKS = YES;
				GCC_OPTIMIZATION_LEVEL = 0;
				GCC_PREPROCESSOR_DEFINITIONS = (
					"DEBUG=1",
					"$(inherited)",
				);
				GCC_WARN_64_TO_32_BIT_CONVERSION = YES;
				GCC_WARN_ABOUT_RETURN_TYPE = YES_ERROR;
				GCC_WARN_UNDECLARED_SELECTOR = YES;
				GCC_WARN_UNINITIALIZED_AUTOS = YES_AGGRESSIVE;
				GCC_WARN_UNUSED_FUNCTION = YES;
				GCC_WARN_UNUSED_VARIABLE = YES;
				IPHONEOS_DEPLOYMENT_TARGET = 15.4;
				MTL_ENABLE_DEBUG_INFO = INCLUDE_SOURCE;
				MTL_FAST_MATH = YES;
				ONLY_ACTIVE_ARCH = YES;
				SDKROOT = iphoneos;
				SWIFT_ACTIVE_COMPILATION_CONDITIONS = DEBUG;
				SWIFT_OPTIMIZATION_LEVEL = "-Onone";
			};
			name = Debug;
		};
		1DCBF7D42808390A00712F54 /* Release */ = {
			isa = XCBuildConfiguration;
			buildSettings = {
				ALWAYS_SEARCH_USER_PATHS = NO;
				CLANG_ANALYZER_NONNULL = YES;
				CLANG_ANALYZER_NUMBER_OBJECT_CONVERSION = YES_AGGRESSIVE;
				CLANG_CXX_LANGUAGE_STANDARD = "gnu++17";
				CLANG_ENABLE_MODULES = YES;
				CLANG_ENABLE_OBJC_ARC = YES;
				CLANG_ENABLE_OBJC_WEAK = YES;
				CLANG_WARN_BLOCK_CAPTURE_AUTORELEASING = YES;
				CLANG_WARN_BOOL_CONVERSION = YES;
				CLANG_WARN_COMMA = YES;
				CLANG_WARN_CONSTANT_CONVERSION = YES;
				CLANG_WARN_DEPRECATED_OBJC_IMPLEMENTATIONS = YES;
				CLANG_WARN_DIRECT_OBJC_ISA_USAGE = YES_ERROR;
				CLANG_WARN_DOCUMENTATION_COMMENTS = YES;
				CLANG_WARN_EMPTY_BODY = YES;
				CLANG_WARN_ENUM_CONVERSION = YES;
				CLANG_WARN_INFINITE_RECURSION = YES;
				CLANG_WARN_INT_CONVERSION = YES;
				CLANG_WARN_NON_LITERAL_NULL_CONVERSION = YES;
				CLANG_WARN_OBJC_IMPLICIT_RETAIN_SELF = YES;
				CLANG_WARN_OBJC_LITERAL_CONVERSION = YES;
				CLANG_WARN_OBJC_ROOT_CLASS = YES_ERROR;
				CLANG_WARN_QUOTED_INCLUDE_IN_FRAMEWORK_HEADER = YES;
				CLANG_WARN_RANGE_LOOP_ANALYSIS = YES;
				CLANG_WARN_STRICT_PROTOTYPES = YES;
				CLANG_WARN_SUSPICIOUS_MOVE = YES;
				CLANG_WARN_UNGUARDED_AVAILABILITY = YES_AGGRESSIVE;
				CLANG_WARN_UNREACHABLE_CODE = YES;
				CLANG_WARN__DUPLICATE_METHOD_MATCH = YES;
				COPY_PHASE_STRIP = NO;
				DEBUG_INFORMATION_FORMAT = "dwarf-with-dsym";
				ENABLE_NS_ASSERTIONS = NO;
				ENABLE_STRICT_OBJC_MSGSEND = YES;
				GCC_C_LANGUAGE_STANDARD = gnu11;
				GCC_NO_COMMON_BLOCKS = YES;
				GCC_WARN_64_TO_32_BIT_CONVERSION = YES;
				GCC_WARN_ABOUT_RETURN_TYPE = YES_ERROR;
				GCC_WARN_UNDECLARED_SELECTOR = YES;
				GCC_WARN_UNINITIALIZED_AUTOS = YES_AGGRESSIVE;
				GCC_WARN_UNUSED_FUNCTION = YES;
				GCC_WARN_UNUSED_VARIABLE = YES;
				IPHONEOS_DEPLOYMENT_TARGET = 15.4;
				MTL_ENABLE_DEBUG_INFO = NO;
				MTL_FAST_MATH = YES;
				SDKROOT = iphoneos;
				SWIFT_COMPILATION_MODE = wholemodule;
				SWIFT_OPTIMIZATION_LEVEL = "-O";
				VALIDATE_PRODUCT = YES;
			};
			name = Release;
		};
		1DCBF7D62808390A00712F54 /* Debug */ = {
			isa = XCBuildConfiguration;
			baseConfigurationReference = B1D85ABBF37CDF1634CE5F96 /* Pods-Navigation.debug.xcconfig */;
			buildSettings = {
				ALWAYS_EMBED_SWIFT_STANDARD_LIBRARIES = YES;
				ASSETCATALOG_COMPILER_APPICON_NAME = AppIcon;
				ASSETCATALOG_COMPILER_GLOBAL_ACCENT_COLOR_NAME = AccentColor;
				CODE_SIGN_STYLE = Automatic;
				CURRENT_PROJECT_VERSION = 1;
				DEVELOPMENT_TEAM = 3PHDNLY2RU;
				GENERATE_INFOPLIST_FILE = YES;
				INFOPLIST_FILE = Navigation/Info.plist;
				INFOPLIST_KEY_UIApplicationSupportsIndirectInputEvents = YES;
				INFOPLIST_KEY_UILaunchStoryboardName = LaunchScreen;
				INFOPLIST_KEY_UISupportedInterfaceOrientations_iPad = "UIInterfaceOrientationPortrait UIInterfaceOrientationPortraitUpsideDown UIInterfaceOrientationLandscapeLeft UIInterfaceOrientationLandscapeRight";
				INFOPLIST_KEY_UISupportedInterfaceOrientations_iPhone = "UIInterfaceOrientationPortrait UIInterfaceOrientationLandscapeLeft UIInterfaceOrientationLandscapeRight";
				IPHONEOS_DEPLOYMENT_TARGET = 15.5;
				LD_RUNPATH_SEARCH_PATHS = (
					"$(inherited)",
					"@executable_path/Frameworks",
				);
				MARKETING_VERSION = 1.0;
				PRODUCT_BUNDLE_IDENTIFIER = "iosUI-20.Navigation";
				PRODUCT_NAME = "$(TARGET_NAME)";
				SWIFT_EMIT_LOC_STRINGS = YES;
				SWIFT_VERSION = 5.0;
				TARGETED_DEVICE_FAMILY = "1,2";
			};
			name = Debug;
		};
		1DCBF7D72808390A00712F54 /* Release */ = {
			isa = XCBuildConfiguration;
			baseConfigurationReference = F3412635B4CFE872882E49FB /* Pods-Navigation.release.xcconfig */;
			buildSettings = {
				ALWAYS_EMBED_SWIFT_STANDARD_LIBRARIES = YES;
				ASSETCATALOG_COMPILER_APPICON_NAME = AppIcon;
				ASSETCATALOG_COMPILER_GLOBAL_ACCENT_COLOR_NAME = AccentColor;
				CODE_SIGN_STYLE = Automatic;
				CURRENT_PROJECT_VERSION = 1;
				DEVELOPMENT_TEAM = 3PHDNLY2RU;
				GENERATE_INFOPLIST_FILE = YES;
				INFOPLIST_FILE = Navigation/Info.plist;
				INFOPLIST_KEY_UIApplicationSupportsIndirectInputEvents = YES;
				INFOPLIST_KEY_UILaunchStoryboardName = LaunchScreen;
				INFOPLIST_KEY_UISupportedInterfaceOrientations_iPad = "UIInterfaceOrientationPortrait UIInterfaceOrientationPortraitUpsideDown UIInterfaceOrientationLandscapeLeft UIInterfaceOrientationLandscapeRight";
				INFOPLIST_KEY_UISupportedInterfaceOrientations_iPhone = "UIInterfaceOrientationPortrait UIInterfaceOrientationLandscapeLeft UIInterfaceOrientationLandscapeRight";
				IPHONEOS_DEPLOYMENT_TARGET = 15.5;
				LD_RUNPATH_SEARCH_PATHS = (
					"$(inherited)",
					"@executable_path/Frameworks",
				);
				MARKETING_VERSION = 1.0;
				PRODUCT_BUNDLE_IDENTIFIER = "iosUI-20.Navigation";
				PRODUCT_NAME = "$(TARGET_NAME)";
				SWIFT_EMIT_LOC_STRINGS = YES;
				SWIFT_VERSION = 5.0;
				TARGETED_DEVICE_FAMILY = "1,2";
			};
			name = Release;
		};
/* End XCBuildConfiguration section */

/* Begin XCConfigurationList section */
		1D726533286DCE8D00C139F5 /* Build configuration list for PBXNativeTarget "Storage Service" */ = {
			isa = XCConfigurationList;
			buildConfigurations = (
				1D726531286DCE8D00C139F5 /* Debug */,
				1D726532286DCE8D00C139F5 /* Release */,
			);
			defaultConfigurationIsVisible = 0;
			defaultConfigurationName = Release;
		};
		1DCBF7BC2808390900712F54 /* Build configuration list for PBXProject "Navigation" */ = {
			isa = XCConfigurationList;
			buildConfigurations = (
				1DCBF7D32808390A00712F54 /* Debug */,
				1DCBF7D42808390A00712F54 /* Release */,
			);
			defaultConfigurationIsVisible = 0;
			defaultConfigurationName = Release;
		};
		1DCBF7D52808390A00712F54 /* Build configuration list for PBXNativeTarget "Navigation" */ = {
			isa = XCConfigurationList;
			buildConfigurations = (
				1DCBF7D62808390A00712F54 /* Debug */,
				1DCBF7D72808390A00712F54 /* Release */,
			);
			defaultConfigurationIsVisible = 0;
			defaultConfigurationName = Release;
		};
/* End XCConfigurationList section */

/* Begin XCRemoteSwiftPackageReference section */
		1D3CA290287211B60027C0F0 /* XCRemoteSwiftPackageReference "iOSIntPackage" */ = {
			isa = XCRemoteSwiftPackageReference;
			repositoryURL = "https://github.com/TrueMax/iOSIntPackage";
			requirement = {
				kind = upToNextMajorVersion;
				minimumVersion = 2.0.0;
			};
		};
		1D7F4E2F28887A13001938FC /* XCRemoteSwiftPackageReference "iOSIntPackage" */ = {
			isa = XCRemoteSwiftPackageReference;
			repositoryURL = "https://github.com/TrueMax/iOSIntPackage";
			requirement = {
				branch = imagepublisher;
				kind = branch;
			};
		};
/* End XCRemoteSwiftPackageReference section */

/* Begin XCSwiftPackageProductDependency section */
		1D3CA291287211B60027C0F0 /* iOSIntPackage */ = {
			isa = XCSwiftPackageProductDependency;
			package = 1D3CA290287211B60027C0F0 /* XCRemoteSwiftPackageReference "iOSIntPackage" */;
			productName = iOSIntPackage;
		};
		1D7F4E3028887A13001938FC /* iOSIntPackage */ = {
			isa = XCSwiftPackageProductDependency;
			package = 1D7F4E2F28887A13001938FC /* XCRemoteSwiftPackageReference "iOSIntPackage" */;
			productName = iOSIntPackage;
		};
/* End XCSwiftPackageProductDependency section */
	};
	rootObject = 1DCBF7B92808390900712F54 /* Project object */;
}
